
Microsoft Visual Studio Solution File, Format Version 12.00
# Visual Studio Version 17
VisualStudioVersion = 17.6.33801.468
MinimumVisualStudioVersion = 10.0.40219.1
Project("{FAE04EC0-301F-11D3-BF4B-00C04F79EFBC}") = "vjezba1-mp", "vjezba1-mp.csproj", "{5E2C3A82-5661-479B-B615-3992ED1B427E}"
EndProject
Global
	GlobalSection(SolutionConfigurationPlatforms) = preSolution
		Debug|Any CPU = Debug|Any CPU
		Release|Any CPU = Release|Any CPU
	EndGlobalSection
	GlobalSection(ProjectConfigurationPlatforms) = postSolution
		{5E2C3A82-5661-479B-B615-3992ED1B427E}.Debug|Any CPU.ActiveCfg = Debug|Any CPU
		{5E2C3A82-5661-479B-B615-3992ED1B427E}.Debug|Any CPU.Build.0 = Debug|Any CPU
		{5E2C3A82-5661-479B-B615-3992ED1B427E}.Release|Any CPU.ActiveCfg = Release|Any CPU
		{5E2C3A82-5661-479B-B615-3992ED1B427E}.Release|Any CPU.Build.0 = Release|Any CPU
	EndGlobalSection
	GlobalSection(SolutionProperties) = preSolution
		HideSolutionNode = FALSE
	EndGlobalSection
	GlobalSection(ExtensibilityGlobals) = postSolution
		SolutionGuid = {336BD5B7-F593-4AE4-AA34-0D398BF54029}
	EndGlobalSection
EndGlobal
